// !$*UTF8*$!
{
	archiveVersion = 1;
	classes = {
	};
	objectVersion = 77;
	objects = {

/* Begin PBXBuildFile section */
		AA91004AB705B17CCE86E1F6 /* Pods_swift_login_page.framework in Frameworks */ = {isa = PBXBuildFile; fileRef = 7A2489FE1D1B8FEE82D72F9F /* Pods_swift_login_page.framework */; };
/* End PBXBuildFile section */

/* Begin PBXContainerItemProxy section */
		1AA1B8FD2D88D6C900627565 /* PBXContainerItemProxy */ = {
			isa = PBXContainerItemProxy;
			containerPortal = 1AA1B8DE2D88D6C800627565 /* Project object */;
			proxyType = 1;
			remoteGlobalIDString = 1AA1B8E52D88D6C800627565;
			remoteInfo = "swift-login-page";
		};
		1AA1B9072D88D6C900627565 /* PBXContainerItemProxy */ = {
			isa = PBXContainerItemProxy;
			containerPortal = 1AA1B8DE2D88D6C800627565 /* Project object */;
			proxyType = 1;
			remoteGlobalIDString = 1AA1B8E52D88D6C800627565;
			remoteInfo = "swift-login-page";
		};
/* End PBXContainerItemProxy section */

/* Begin PBXFileReference section */
		198239F40A34D06891FBB724 /* Pods-swift-login-page.debug.xcconfig */ = {isa = PBXFileReference; includeInIndex = 1; lastKnownFileType = text.xcconfig; name = "Pods-swift-login-page.debug.xcconfig"; path = "Target Support Files/Pods-swift-login-page/Pods-swift-login-page.debug.xcconfig"; sourceTree = "<group>"; };
		1AA1B8E62D88D6C800627565 /* swift-login-page.app */ = {isa = PBXFileReference; explicitFileType = wrapper.application; includeInIndex = 0; path = "swift-login-page.app"; sourceTree = BUILT_PRODUCTS_DIR; };
		1AA1B8FC2D88D6C900627565 /* swift-login-pageTests.xctest */ = {isa = PBXFileReference; explicitFileType = wrapper.cfbundle; includeInIndex = 0; path = "swift-login-pageTests.xctest"; sourceTree = BUILT_PRODUCTS_DIR; };
		1AA1B9062D88D6C900627565 /* swift-login-pageUITests.xctest */ = {isa = PBXFileReference; explicitFileType = wrapper.cfbundle; includeInIndex = 0; path = "swift-login-pageUITests.xctest"; sourceTree = BUILT_PRODUCTS_DIR; };
		7A2489FE1D1B8FEE82D72F9F /* Pods_swift_login_page.framework */ = {isa = PBXFileReference; explicitFileType = wrapper.framework; includeInIndex = 0; path = Pods_swift_login_page.framework; sourceTree = BUILT_PRODUCTS_DIR; };
		B001BF1DA4FAF625C8EEEAFD /* Pods-swift-login-page.release.xcconfig */ = {isa = PBXFileReference; includeInIndex = 1; lastKnownFileType = text.xcconfig; name = "Pods-swift-login-page.release.xcconfig"; path = "Target Support Files/Pods-swift-login-page/Pods-swift-login-page.release.xcconfig"; sourceTree = "<group>"; };
/* End PBXFileReference section */

/* Begin PBXFileSystemSynchronizedBuildFileExceptionSet section */
		1AA1B90E2D88D6C900627565 /* Exceptions for "swift-login-page" folder in "swift-login-page" target */ = {
			isa = PBXFileSystemSynchronizedBuildFileExceptionSet;
			membershipExceptions = (
				Info.plist,
			);
			target = 1AA1B8E52D88D6C800627565 /* swift-login-page */;
		};
/* End PBXFileSystemSynchronizedBuildFileExceptionSet section */

/* Begin PBXFileSystemSynchronizedRootGroup section */
		1AA1B8E82D88D6C800627565 /* swift-login-page */ = {
			isa = PBXFileSystemSynchronizedRootGroup;
			exceptions = (
				1AA1B90E2D88D6C900627565 /* Exceptions for "swift-login-page" folder in "swift-login-page" target */,
			);
			path = "swift-login-page";
			sourceTree = "<group>";
		};
		1AA1B8FF2D88D6C900627565 /* swift-login-pageTests */ = {
			isa = PBXFileSystemSynchronizedRootGroup;
			path = "swift-login-pageTests";
			sourceTree = "<group>";
		};
		1AA1B9092D88D6C900627565 /* swift-login-pageUITests */ = {
			isa = PBXFileSystemSynchronizedRootGroup;
			path = "swift-login-pageUITests";
			sourceTree = "<group>";
		};
/* End PBXFileSystemSynchronizedRootGroup section */

/* Begin PBXFrameworksBuildPhase section */
		1AA1B8E32D88D6C800627565 /* Frameworks */ = {
			isa = PBXFrameworksBuildPhase;
			buildActionMask = 2147483647;
			files = (
				AA91004AB705B17CCE86E1F6 /* Pods_swift_login_page.framework in Frameworks */,
			);
			runOnlyForDeploymentPostprocessing = 0;
		};
		1AA1B8F92D88D6C900627565 /* Frameworks */ = {
			isa = PBXFrameworksBuildPhase;
			buildActionMask = 2147483647;
			files = (
			);
			runOnlyForDeploymentPostprocessing = 0;
		};
		1AA1B9032D88D6C900627565 /* Frameworks */ = {
			isa = PBXFrameworksBuildPhase;
			buildActionMask = 2147483647;
			files = (
			);
			runOnlyForDeploymentPostprocessing = 0;
		};
/* End PBXFrameworksBuildPhase section */

/* Begin PBXGroup section */
		1AA1B8DD2D88D6C800627565 = {
			isa = PBXGroup;
			children = (
				1AA1B8E82D88D6C800627565 /* swift-login-page */,
				1AA1B8FF2D88D6C900627565 /* swift-login-pageTests */,
				1AA1B9092D88D6C900627565 /* swift-login-pageUITests */,
				1AA1B8E72D88D6C800627565 /* Products */,
				489BC1D985C59F4E3F37F2A9 /* Pods */,
				55D1E1C4F1EB80882A0EF160 /* Frameworks */,
			);
			sourceTree = "<group>";
		};
		1AA1B8E72D88D6C800627565 /* Products */ = {
			isa = PBXGroup;
			children = (
				1AA1B8E62D88D6C800627565 /* swift-login-page.app */,
				1AA1B8FC2D88D6C900627565 /* swift-login-pageTests.xctest */,
				1AA1B9062D88D6C900627565 /* swift-login-pageUITests.xctest */,
			);
			name = Products;
			sourceTree = "<group>";
		};
		489BC1D985C59F4E3F37F2A9 /* Pods */ = {
			isa = PBXGroup;
			children = (
				198239F40A34D06891FBB724 /* Pods-swift-login-page.debug.xcconfig */,
				B001BF1DA4FAF625C8EEEAFD /* Pods-swift-login-page.release.xcconfig */,
			);
			path = Pods;
			sourceTree = "<group>";
		};
		55D1E1C4F1EB80882A0EF160 /* Frameworks */ = {
			isa = PBXGroup;
			children = (
				7A2489FE1D1B8FEE82D72F9F /* Pods_swift_login_page.framework */,
			);
			name = Frameworks;
			sourceTree = "<group>";
		};
/* End PBXGroup section */

/* Begin PBXNativeTarget section */
		1AA1B8E52D88D6C800627565 /* swift-login-page */ = {
			isa = PBXNativeTarget;
			buildConfigurationList = 1AA1B90F2D88D6C900627565 /* Build configuration list for PBXNativeTarget "swift-login-page" */;
			buildPhases = (
				6A5EC360114EE962F8E8F66F /* [CP] Check Pods Manifest.lock */,
				1AA1B8E22D88D6C800627565 /* Sources */,
				1AA1B8E32D88D6C800627565 /* Frameworks */,
				1AA1B8E42D88D6C800627565 /* Resources */,
			);
			buildRules = (
			);
			dependencies = (
			);
			fileSystemSynchronizedGroups = (
				1AA1B8E82D88D6C800627565 /* swift-login-page */,
			);
			name = "swift-login-page";
			productName = "swift-login-page";
			productReference = 1AA1B8E62D88D6C800627565 /* swift-login-page.app */;
			productType = "com.apple.product-type.application";
		};
		1AA1B8FB2D88D6C900627565 /* swift-login-pageTests */ = {
			isa = PBXNativeTarget;
			buildConfigurationList = 1AA1B9142D88D6C900627565 /* Build configuration list for PBXNativeTarget "swift-login-pageTests" */;
			buildPhases = (
				1AA1B8F82D88D6C900627565 /* Sources */,
				1AA1B8F92D88D6C900627565 /* Frameworks */,
				1AA1B8FA2D88D6C900627565 /* Resources */,
			);
			buildRules = (
			);
			dependencies = (
				1AA1B8FE2D88D6C900627565 /* PBXTargetDependency */,
			);
			fileSystemSynchronizedGroups = (
				1AA1B8FF2D88D6C900627565 /* swift-login-pageTests */,
			);
			name = "swift-login-pageTests";
			productName = "swift-login-pageTests";
			productReference = 1AA1B8FC2D88D6C900627565 /* swift-login-pageTests.xctest */;
			productType = "com.apple.product-type.bundle.unit-test";
		};
		1AA1B9052D88D6C900627565 /* swift-login-pageUITests */ = {
			isa = PBXNativeTarget;
			buildConfigurationList = 1AA1B9172D88D6C900627565 /* Build configuration list for PBXNativeTarget "swift-login-pageUITests" */;
			buildPhases = (
				1AA1B9022D88D6C900627565 /* Sources */,
				1AA1B9032D88D6C900627565 /* Frameworks */,
				1AA1B9042D88D6C900627565 /* Resources */,
			);
			buildRules = (
			);
			dependencies = (
				1AA1B9082D88D6C900627565 /* PBXTargetDependency */,
			);
			fileSystemSynchronizedGroups = (
				1AA1B9092D88D6C900627565 /* swift-login-pageUITests */,
			);
			name = "swift-login-pageUITests";
			productName = "swift-login-pageUITests";
			productReference = 1AA1B9062D88D6C900627565 /* swift-login-pageUITests.xctest */;
			productType = "com.apple.product-type.bundle.ui-testing";
		};
/* End PBXNativeTarget section */

/* Begin PBXProject section */
		1AA1B8DE2D88D6C800627565 /* Project object */ = {
			isa = PBXProject;
			attributes = {
				BuildIndependentTargetsInParallel = 1;
				LastSwiftUpdateCheck = 1620;
				LastUpgradeCheck = 1620;
				TargetAttributes = {
					1AA1B8E52D88D6C800627565 = {
						CreatedOnToolsVersion = 16.2;
					};
					1AA1B8FB2D88D6C900627565 = {
						CreatedOnToolsVersion = 16.2;
						TestTargetID = 1AA1B8E52D88D6C800627565;
					};
					1AA1B9052D88D6C900627565 = {
						CreatedOnToolsVersion = 16.2;
						TestTargetID = 1AA1B8E52D88D6C800627565;
					};
				};
			};
			buildConfigurationList = 1AA1B8E12D88D6C800627565 /* Build configuration list for PBXProject "swift-login-page" */;
			developmentRegion = en;
			hasScannedForEncodings = 0;
			knownRegions = (
				en,
				Base,
			);
			mainGroup = 1AA1B8DD2D88D6C800627565;
			minimizedProjectReferenceProxies = 1;
			packageReferences = (
				1A0577462D93352700F8208D /* XCRemoteSwiftPackageReference "IQKeyboardManager" */,
			);
			preferredProjectObjectVersion = 77;
			productRefGroup = 1AA1B8E72D88D6C800627565 /* Products */;
			projectDirPath = "";
			projectRoot = "";
			targets = (
				1AA1B8E52D88D6C800627565 /* swift-login-page */,
				1AA1B8FB2D88D6C900627565 /* swift-login-pageTests */,
				1AA1B9052D88D6C900627565 /* swift-login-pageUITests */,
			);
		};
/* End PBXProject section */

/* Begin PBXResourcesBuildPhase section */
		1AA1B8E42D88D6C800627565 /* Resources */ = {
			isa = PBXResourcesBuildPhase;
			buildActionMask = 2147483647;
			files = (
			);
			runOnlyForDeploymentPostprocessing = 0;
		};
		1AA1B8FA2D88D6C900627565 /* Resources */ = {
			isa = PBXResourcesBuildPhase;
			buildActionMask = 2147483647;
			files = (
			);
			runOnlyForDeploymentPostprocessing = 0;
		};
		1AA1B9042D88D6C900627565 /* Resources */ = {
			isa = PBXResourcesBuildPhase;
			buildActionMask = 2147483647;
			files = (
			);
			runOnlyForDeploymentPostprocessing = 0;
		};
/* End PBXResourcesBuildPhase section */

/* Begin PBXShellScriptBuildPhase section */
		6A5EC360114EE962F8E8F66F /* [CP] Check Pods Manifest.lock */ = {
			isa = PBXShellScriptBuildPhase;
			buildActionMask = 2147483647;
			files = (
			);
			inputFileListPaths = (
			);
			inputPaths = (
				"${PODS_PODFILE_DIR_PATH}/Podfile.lock",
				"${PODS_ROOT}/Manifest.lock",
			);
			name = "[CP] Check Pods Manifest.lock";
			outputFileListPaths = (
			);
			outputPaths = (
				"$(DERIVED_FILE_DIR)/Pods-swift-login-page-checkManifestLockResult.txt",
			);
			runOnlyForDeploymentPostprocessing = 0;
			shellPath = /bin/sh;
			shellScript = "diff \"${PODS_PODFILE_DIR_PATH}/Podfile.lock\" \"${PODS_ROOT}/Manifest.lock\" > /dev/null\nif [ $? != 0 ] ; then\n    # print error to STDERR\n    echo \"error: The sandbox is not in sync with the Podfile.lock. Run 'pod install' or update your CocoaPods installation.\" >&2\n    exit 1\nfi\n# This output is used by Xcode 'outputs' to avoid re-running this script phase.\necho \"SUCCESS\" > \"${SCRIPT_OUTPUT_FILE_0}\"\n";
			showEnvVarsInLog = 0;
		};
/* End PBXShellScriptBuildPhase section */

/* Begin PBXSourcesBuildPhase section */
		1AA1B8E22D88D6C800627565 /* Sources */ = {
			isa = PBXSourcesBuildPhase;
			buildActionMask = 2147483647;
			files = (
			);
			runOnlyForDeploymentPostprocessing = 0;
		};
		1AA1B8F82D88D6C900627565 /* Sources */ = {
			isa = PBXSourcesBuildPhase;
			buildActionMask = 2147483647;
			files = (
			);
			runOnlyForDeploymentPostprocessing = 0;
		};
		1AA1B9022D88D6C900627565 /* Sources */ = {
			isa = PBXSourcesBuildPhase;
			buildActionMask = 2147483647;
			files = (
			);
			runOnlyForDeploymentPostprocessing = 0;
		};
/* End PBXSourcesBuildPhase section */

/* Begin PBXTargetDependency section */
		1AA1B8FE2D88D6C900627565 /* PBXTargetDependency */ = {
			isa = PBXTargetDependency;
			target = 1AA1B8E52D88D6C800627565 /* swift-login-page */;
			targetProxy = 1AA1B8FD2D88D6C900627565 /* PBXContainerItemProxy */;
		};
		1AA1B9082D88D6C900627565 /* PBXTargetDependency */ = {
			isa = PBXTargetDependency;
			target = 1AA1B8E52D88D6C800627565 /* swift-login-page */;
			targetProxy = 1AA1B9072D88D6C900627565 /* PBXContainerItemProxy */;
		};
/* End PBXTargetDependency section */

/* Begin XCBuildConfiguration section */
		1AA1B9102D88D6C900627565 /* Debug */ = {
			isa = XCBuildConfiguration;
			baseConfigurationReference = 198239F40A34D06891FBB724 /* Pods-swift-login-page.debug.xcconfig */;
			buildSettings = {
				ASSETCATALOG_COMPILER_APPICON_NAME = AppIcon;
				ASSETCATALOG_COMPILER_GLOBAL_ACCENT_COLOR_NAME = AccentColor;
				CODE_SIGN_STYLE = Automatic;
				CURRENT_PROJECT_VERSION = 1;
				ENABLE_USER_SCRIPT_SANDBOXING = NO;
				GENERATE_INFOPLIST_FILE = YES;
				INFOPLIST_FILE = "swift-login-page/Info.plist";
				INFOPLIST_KEY_UIApplicationSupportsIndirectInputEvents = YES;
				INFOPLIST_KEY_UILaunchStoryboardName = LaunchScreen;
				INFOPLIST_KEY_UIMainStoryboardFile = Main;
				INFOPLIST_KEY_UISupportedInterfaceOrientations_iPad = "UIInterfaceOrientationPortrait UIInterfaceOrientationPortraitUpsideDown UIInterfaceOrientationLandscapeLeft UIInterfaceOrientationLandscapeRight";
				INFOPLIST_KEY_UISupportedInterfaceOrientations_iPhone = "UIInterfaceOrientationPortrait UIInterfaceOrientationLandscapeLeft UIInterfaceOrientationLandscapeRight";
				LD_RUNPATH_SEARCH_PATHS = (
					"$(inherited)",
					"@executable_path/Frameworks",
				);
				MARKETING_VERSION = 1.0;
				PRODUCT_BUNDLE_IDENTIFIER = "Swift.swift-login-page";
				PRODUCT_NAME = "$(TARGET_NAME)";
				SWIFT_EMIT_LOC_STRINGS = YES;
				SWIFT_VERSION = 5.0;
				TARGETED_DEVICE_FAMILY = "1,2";
			};
			name = Debug;
		};
		1AA1B9112D88D6C900627565 /* Release */ = {
			isa = XCBuildConfiguration;
			baseConfigurationReference = B001BF1DA4FAF625C8EEEAFD /* Pods-swift-login-page.release.xcconfig */;
			buildSettings = {
				ASSETCATALOG_COMPILER_APPICON_NAME = AppIcon;
				ASSETCATALOG_COMPILER_GLOBAL_ACCENT_COLOR_NAME = AccentColor;
				CODE_SIGN_STYLE = Automatic;
				CURRENT_PROJECT_VERSION = 1;
				ENABLE_USER_SCRIPT_SANDBOXING = NO;
				GENERATE_INFOPLIST_FILE = YES;
				INFOPLIST_FILE = "swift-login-page/Info.plist";
				INFOPLIST_KEY_UIApplicationSupportsIndirectInputEvents = YES;
				INFOPLIST_KEY_UILaunchStoryboardName = LaunchScreen;
				INFOPLIST_KEY_UIMainStoryboardFile = Main;
				INFOPLIST_KEY_UISupportedInterfaceOrientations_iPad = "UIInterfaceOrientationPortrait UIInterfaceOrientationPortraitUpsideDown UIInterfaceOrientationLandscapeLeft UIInterfaceOrientationLandscapeRight";
				INFOPLIST_KEY_UISupportedInterfaceOrientations_iPhone = "UIInterfaceOrientationPortrait UIInterfaceOrientationLandscapeLeft UIInterfaceOrientationLandscapeRight";
				LD_RUNPATH_SEARCH_PATHS = (
					"$(inherited)",
					"@executable_path/Frameworks",
				);
				MARKETING_VERSION = 1.0;
				PRODUCT_BUNDLE_IDENTIFIER = "Swift.swift-login-page";
				PRODUCT_NAME = "$(TARGET_NAME)";
				SWIFT_EMIT_LOC_STRINGS = YES;
				SWIFT_VERSION = 5.0;
				TARGETED_DEVICE_FAMILY = "1,2";
			};
			name = Release;
		};
		1AA1B9122D88D6C900627565 /* Debug */ = {
			isa = XCBuildConfiguration;
			buildSettings = {
				ALWAYS_SEARCH_USER_PATHS = NO;
				ASSETCATALOG_COMPILER_GENERATE_SWIFT_ASSET_SYMBOL_EXTENSIONS = YES;
				CLANG_ANALYZER_NONNULL = YES;
				CLANG_ANALYZER_NUMBER_OBJECT_CONVERSION = YES_AGGRESSIVE;
				CLANG_CXX_LANGUAGE_STANDARD = "gnu++20";
				CLANG_ENABLE_MODULES = YES;
				CLANG_ENABLE_OBJC_ARC = YES;
				CLANG_ENABLE_OBJC_WEAK = YES;
				CLANG_WARN_BLOCK_CAPTURE_AUTORELEASING = YES;
				CLANG_WARN_BOOL_CONVERSION = YES;
				CLANG_WARN_COMMA = YES;
				CLANG_WARN_CONSTANT_CONVERSION = YES;
				CLANG_WARN_DEPRECATED_OBJC_IMPLEMENTATIONS = YES;
				CLANG_WARN_DIRECT_OBJC_ISA_USAGE = YES_ERROR;
				CLANG_WARN_DOCUMENTATION_COMMENTS = YES;
				CLANG_WARN_EMPTY_BODY = YES;
				CLANG_WARN_ENUM_CONVERSION = YES;
				CLANG_WARN_INFINITE_RECURSION = YES;
				CLANG_WARN_INT_CONVERSION = YES;
				CLANG_WARN_NON_LITERAL_NULL_CONVERSION = YES;
				CLANG_WARN_OBJC_IMPLICIT_RETAIN_SELF = YES;
				CLANG_WARN_OBJC_LITERAL_CONVERSION = YES;
				CLANG_WARN_OBJC_ROOT_CLASS = YES_ERROR;
				CLANG_WARN_QUOTED_INCLUDE_IN_FRAMEWORK_HEADER = YES;
				CLANG_WARN_RANGE_LOOP_ANALYSIS = YES;
				CLANG_WARN_STRICT_PROTOTYPES = YES;
				CLANG_WARN_SUSPICIOUS_MOVE = YES;
				CLANG_WARN_UNGUARDED_AVAILABILITY = YES_AGGRESSIVE;
				CLANG_WARN_UNREACHABLE_CODE = YES;
				CLANG_WARN__DUPLICATE_METHOD_MATCH = YES;
				COPY_PHASE_STRIP = NO;
				DEBUG_INFORMATION_FORMAT = dwarf;
				ENABLE_STRICT_OBJC_MSGSEND = YES;
				ENABLE_TESTABILITY = YES;
				ENABLE_USER_SCRIPT_SANDBOXING = YES;
				GCC_C_LANGUAGE_STANDARD = gnu17;
				GCC_DYNAMIC_NO_PIC = NO;
				GCC_NO_COMMON_BLOCKS = YES;
				GCC_OPTIMIZATION_LEVEL = 0;
				GCC_PREPROCESSOR_DEFINITIONS = (
					"DEBUG=1",
					"$(inherited)",
				);
				GCC_WARN_64_TO_32_BIT_CONVERSION = YES;
				GCC_WARN_ABOUT_RETURN_TYPE = YES_ERROR;
				GCC_WARN_UNDECLARED_SELECTOR = YES;
				GCC_WARN_UNINITIALIZED_AUTOS = YES_AGGRESSIVE;
				GCC_WARN_UNUSED_FUNCTION = YES;
				GCC_WARN_UNUSED_VARIABLE = YES;
				IPHONEOS_DEPLOYMENT_TARGET = 18.2;
				LOCALIZATION_PREFERS_STRING_CATALOGS = YES;
				MTL_ENABLE_DEBUG_INFO = INCLUDE_SOURCE;
				MTL_FAST_MATH = YES;
				ONLY_ACTIVE_ARCH = YES;
				SDKROOT = iphoneos;
				SWIFT_ACTIVE_COMPILATION_CONDITIONS = "DEBUG $(inherited)";
				SWIFT_OPTIMIZATION_LEVEL = "-Onone";
			};
			name = Debug;
		};
		1AA1B9132D88D6C900627565 /* Release */ = {
			isa = XCBuildConfiguration;
			buildSettings = {
				ALWAYS_SEARCH_USER_PATHS = NO;
				ASSETCATALOG_COMPILER_GENERATE_SWIFT_ASSET_SYMBOL_EXTENSIONS = YES;
				CLANG_ANALYZER_NONNULL = YES;
				CLANG_ANALYZER_NUMBER_OBJECT_CONVERSION = YES_AGGRESSIVE;
				CLANG_CXX_LANGUAGE_STANDARD = "gnu++20";
				CLANG_ENABLE_MODULES = YES;
				CLANG_ENABLE_OBJC_ARC = YES;
				CLANG_ENABLE_OBJC_WEAK = YES;
				CLANG_WARN_BLOCK_CAPTURE_AUTORELEASING = YES;
				CLANG_WARN_BOOL_CONVERSION = YES;
				CLANG_WARN_COMMA = YES;
				CLANG_WARN_CONSTANT_CONVERSION = YES;
				CLANG_WARN_DEPRECATED_OBJC_IMPLEMENTATIONS = YES;
				CLANG_WARN_DIRECT_OBJC_ISA_USAGE = YES_ERROR;
				CLANG_WARN_DOCUMENTATION_COMMENTS = YES;
				CLANG_WARN_EMPTY_BODY = YES;
				CLANG_WARN_ENUM_CONVERSION = YES;
				CLANG_WARN_INFINITE_RECURSION = YES;
				CLANG_WARN_INT_CONVERSION = YES;
				CLANG_WARN_NON_LITERAL_NULL_CONVERSION = YES;
				CLANG_WARN_OBJC_IMPLICIT_RETAIN_SELF = YES;
				CLANG_WARN_OBJC_LITERAL_CONVERSION = YES;
				CLANG_WARN_OBJC_ROOT_CLASS = YES_ERROR;
				CLANG_WARN_QUOTED_INCLUDE_IN_FRAMEWORK_HEADER = YES;
				CLANG_WARN_RANGE_LOOP_ANALYSIS = YES;
				CLANG_WARN_STRICT_PROTOTYPES = YES;
				CLANG_WARN_SUSPICIOUS_MOVE = YES;
				CLANG_WARN_UNGUARDED_AVAILABILITY = YES_AGGRESSIVE;
				CLANG_WARN_UNREACHABLE_CODE = YES;
				CLANG_WARN__DUPLICATE_METHOD_MATCH = YES;
				COPY_PHASE_STRIP = NO;
				DEBUG_INFORMATION_FORMAT = "dwarf-with-dsym";
				ENABLE_NS_ASSERTIONS = NO;
				ENABLE_STRICT_OBJC_MSGSEND = YES;
				ENABLE_USER_SCRIPT_SANDBOXING = YES;
				GCC_C_LANGUAGE_STANDARD = gnu17;
				GCC_NO_COMMON_BLOCKS = YES;
				GCC_WARN_64_TO_32_BIT_CONVERSION = YES;
				GCC_WARN_ABOUT_RETURN_TYPE = YES_ERROR;
				GCC_WARN_UNDECLARED_SELECTOR = YES;
				GCC_WARN_UNINITIALIZED_AUTOS = YES_AGGRESSIVE;
				GCC_WARN_UNUSED_FUNCTION = YES;
				GCC_WARN_UNUSED_VARIABLE = YES;
				IPHONEOS_DEPLOYMENT_TARGET = 18.2;
				LOCALIZATION_PREFERS_STRING_CATALOGS = YES;
				MTL_ENABLE_DEBUG_INFO = NO;
				MTL_FAST_MATH = YES;
				SDKROOT = iphoneos;
				SWIFT_COMPILATION_MODE = wholemodule;
				VALIDATE_PRODUCT = YES;
			};
			name = Release;
		};
		1AA1B9152D88D6C900627565 /* Debug */ = {
			isa = XCBuildConfiguration;
			buildSettings = {
				BUNDLE_LOADER = "$(TEST_HOST)";
				CODE_SIGN_STYLE = Automatic;
				CURRENT_PROJECT_VERSION = 1;
				GENERATE_INFOPLIST_FILE = YES;
				IPHONEOS_DEPLOYMENT_TARGET = 18.2;
				MARKETING_VERSION = 1.0;
				PRODUCT_BUNDLE_IDENTIFIER = "Swift.swift-login-pageTests";
				PRODUCT_NAME = "$(TARGET_NAME)";
				SWIFT_EMIT_LOC_STRINGS = NO;
				SWIFT_VERSION = 5.0;
				TARGETED_DEVICE_FAMILY = "1,2";
				TEST_HOST = "$(BUILT_PRODUCTS_DIR)/swift-login-page.app/$(BUNDLE_EXECUTABLE_FOLDER_PATH)/swift-login-page";
			};
			name = Debug;
		};
		1AA1B9162D88D6C900627565 /* Release */ = {
			isa = XCBuildConfiguration;
			buildSettings = {
				BUNDLE_LOADER = "$(TEST_HOST)";
				CODE_SIGN_STYLE = Automatic;
				CURRENT_PROJECT_VERSION = 1;
				GENERATE_INFOPLIST_FILE = YES;
				IPHONEOS_DEPLOYMENT_TARGET = 18.2;
				MARKETING_VERSION = 1.0;
				PRODUCT_BUNDLE_IDENTIFIER = "Swift.swift-login-pageTests";
				PRODUCT_NAME = "$(TARGET_NAME)";
				SWIFT_EMIT_LOC_STRINGS = NO;
				SWIFT_VERSION = 5.0;
				TARGETED_DEVICE_FAMILY = "1,2";
				TEST_HOST = "$(BUILT_PRODUCTS_DIR)/swift-login-page.app/$(BUNDLE_EXECUTABLE_FOLDER_PATH)/swift-login-page";
			};
			name = Release;
		};
		1AA1B9182D88D6C900627565 /* Debug */ = {
			isa = XCBuildConfiguration;
			buildSettings = {
				CODE_SIGN_STYLE = Automatic;
				CURRENT_PROJECT_VERSION = 1;
				GENERATE_INFOPLIST_FILE = YES;
				MARKETING_VERSION = 1.0;
				PRODUCT_BUNDLE_IDENTIFIER = "Swift.swift-login-pageUITests";
				PRODUCT_NAME = "$(TARGET_NAME)";
				SWIFT_EMIT_LOC_STRINGS = NO;
				SWIFT_VERSION = 5.0;
				TARGETED_DEVICE_FAMILY = "1,2";
				TEST_TARGET_NAME = "swift-login-page";
			};
			name = Debug;
		};
		1AA1B9192D88D6C900627565 /* Release */ = {
			isa = XCBuildConfiguration;
			buildSettings = {
				CODE_SIGN_STYLE = Automatic;
				CURRENT_PROJECT_VERSION = 1;
				GENERATE_INFOPLIST_FILE = YES;
				MARKETING_VERSION = 1.0;
				PRODUCT_BUNDLE_IDENTIFIER = "Swift.swift-login-pageUITests";
				PRODUCT_NAME = "$(TARGET_NAME)";
				SWIFT_EMIT_LOC_STRINGS = NO;
				SWIFT_VERSION = 5.0;
				TARGETED_DEVICE_FAMILY = "1,2";
				TEST_TARGET_NAME = "swift-login-page";
			};
			name = Release;
		};
/* End XCBuildConfiguration section */

/* Begin XCConfigurationList section */
		1AA1B8E12D88D6C800627565 /* Build configuration list for PBXProject "swift-login-page" */ = {
			isa = XCConfigurationList;
			buildConfigurations = (
				1AA1B9122D88D6C900627565 /* Debug */,
				1AA1B9132D88D6C900627565 /* Release */,
			);
			defaultConfigurationIsVisible = 0;
			defaultConfigurationName = Release;
		};
		1AA1B90F2D88D6C900627565 /* Build configuration list for PBXNativeTarget "swift-login-page" */ = {
			isa = XCConfigurationList;
			buildConfigurations = (
				1AA1B9102D88D6C900627565 /* Debug */,
				1AA1B9112D88D6C900627565 /* Release */,
			);
			defaultConfigurationIsVisible = 0;
			defaultConfigurationName = Release;
		};
		1AA1B9142D88D6C900627565 /* Build configuration list for PBXNativeTarget "swift-login-pageTests" */ = {
			isa = XCConfigurationList;
			buildConfigurations = (
				1AA1B9152D88D6C900627565 /* Debug */,
				1AA1B9162D88D6C900627565 /* Release */,
			);
			defaultConfigurationIsVisible = 0;
			defaultConfigurationName = Release;
		};
		1AA1B9172D88D6C900627565 /* Build configuration list for PBXNativeTarget "swift-login-pageUITests" */ = {
			isa = XCConfigurationList;
			buildConfigurations = (
				1AA1B9182D88D6C900627565 /* Debug */,
				1AA1B9192D88D6C900627565 /* Release */,
			);
			defaultConfigurationIsVisible = 0;
			defaultConfigurationName = Release;
		};
/* End XCConfigurationList section */

/* Begin XCRemoteSwiftPackageReference section */
		1A0577462D93352700F8208D /* XCRemoteSwiftPackageReference "IQKeyboardManager" */ = {
			isa = XCRemoteSwiftPackageReference;
			repositoryURL = "https://github.com/hackiftekhar/IQKeyboardManager.git";
			requirement = {
				kind = upToNextMajorVersion;
				minimumVersion = 8.0.1;
			};
		};
/* End XCRemoteSwiftPackageReference section */
	};
	rootObject = 1AA1B8DE2D88D6C800627565 /* Project object */;
}
